<?xml version="1.0" encoding="utf-8"?>
<Project ToolsVersion="4.0" xmlns="http://schemas.microsoft.com/developer/msbuild/2003">
  <ItemGroup>
    <Filter Include="소스 파일">
      <UniqueIdentifier>{4FC737F1-C7A5-4376-A066-2A32D752A2FF}</UniqueIdentifier>
      <Extensions>cpp;c;cc;cxx;c++;cppm;ixx;def;odl;idl;hpj;bat;asm;asmx</Extensions>
    </Filter>
    <Filter Include="헤더 파일">
      <UniqueIdentifier>{93995380-89BD-4b04-88EB-625FBE52EBFB}</UniqueIdentifier>
      <Extensions>h;hh;hpp;hxx;h++;hm;inl;inc;ipp;xsd</Extensions>
    </Filter>
    <Filter Include="리소스 파일">
      <UniqueIdentifier>{67DA6AB6-F800-4c08-8B7A-83BB121AAD01}</UniqueIdentifier>
      <Extensions>rc;ico;cur;bmp;dlg;rc2;rct;bin;rgs;gif;jpg;jpeg;jpe;resx;tiff;tif;png;wav;mfcribbon-ms</Extensions>
    </Filter>
    <Filter Include="소스 파일\3DObjects">
      <UniqueIdentifier>{2b9e23cc-e0fb-4132-832f-931c31f696a6}</UniqueIdentifier>
    </Filter>
    <Filter Include="소스 파일\Shader">
      <UniqueIdentifier>{0e04d47f-2c40-48a2-b26d-3541a12270d8}</UniqueIdentifier>
    </Filter>
    <Filter Include="헤더 파일\ImGUI">
      <UniqueIdentifier>{a28e8fb8-94b7-48b5-8125-74cbf9012d36}</UniqueIdentifier>
    </Filter>
    <Filter Include="소스 파일\Lights">
      <UniqueIdentifier>{8072898b-0a2a-4693-99cb-0103284f5489}</UniqueIdentifier>
    </Filter>
    <Filter Include="소스 파일\Component">
      <UniqueIdentifier>{611baad5-3fe2-4334-ac9e-5220ed598aca}</UniqueIdentifier>
    </Filter>
    <Filter Include="소스 파일\Math">
      <UniqueIdentifier>{7e5c4660-86f6-4d84-a689-0ba40f9b6d4b}</UniqueIdentifier>
    </Filter>
  </ItemGroup>
  <ItemGroup>
    <ClCompile Include="main.cpp">
      <Filter>소스 파일</Filter>
    </ClCompile>
    <ClCompile Include="ImGUI\imgui.cpp">
      <Filter>헤더 파일\ImGUI</Filter>
    </ClCompile>
    <ClCompile Include="ImGUI\imgui_demo.cpp">
      <Filter>헤더 파일\ImGUI</Filter>
    </ClCompile>
    <ClCompile Include="ImGUI\imgui_draw.cpp">
      <Filter>헤더 파일\ImGUI</Filter>
    </ClCompile>
    <ClCompile Include="ImGUI\imgui_impl_glfw.cpp">
      <Filter>헤더 파일\ImGUI</Filter>
    </ClCompile>
    <ClCompile Include="ImGUI\imgui_tables.cpp">
      <Filter>헤더 파일\ImGUI</Filter>
    </ClCompile>
    <ClCompile Include="ImGUI\imgui_widgets.cpp">
      <Filter>헤더 파일\ImGUI</Filter>
    </ClCompile>
    <ClCompile Include="ImGUI\imgui_impl_opengl3.cpp">
      <Filter>헤더 파일\ImGUI</Filter>
    </ClCompile>
    <ClCompile Include="BackstageWindow.cpp">
      <Filter>소스 파일</Filter>
    </ClCompile>
    <ClCompile Include="Grid.cpp">
      <Filter>소스 파일</Filter>
    </ClCompile>
    <ClCompile Include="Camera.cpp">
      <Filter>소스 파일</Filter>
    </ClCompile>
    <ClCompile Include="3DObjects\BuiltInCylinderObj.cpp">
      <Filter>소스 파일\3DObjects</Filter>
    </ClCompile>
    <ClCompile Include="3DObjects\BuiltInCubeObj.cpp">
      <Filter>소스 파일\3DObjects</Filter>
    </ClCompile>
    <ClCompile Include="3DObjects\BuiltInSphereObj.cpp">
      <Filter>소스 파일\3DObjects</Filter>
    </ClCompile>
    <ClCompile Include="Hierarchy.cpp">
      <Filter>소스 파일</Filter>
    </ClCompile>
    <ClCompile Include="3DObjects\interval.cpp">
      <Filter>소스 파일\3DObjects</Filter>
    </ClCompile>
    <ClCompile Include="3DObjects\LoadedModelObj.cpp">
      <Filter>소스 파일\3DObjects</Filter>
    </ClCompile>
    <ClCompile Include="3DObjects\Mesh.cpp">
      <Filter>소스 파일\3DObjects</Filter>
    </ClCompile>
    <ClCompile Include="ImGUI\ImGuizmo.cpp">
      <Filter>헤더 파일\ImGUI</Filter>
    </ClCompile>
  </ItemGroup>
  <ItemGroup>
    <ClInclude Include="ImGUI\imconfig.h">
      <Filter>헤더 파일\ImGUI</Filter>
    </ClInclude>
    <ClInclude Include="ImGUI\imgui.h">
      <Filter>헤더 파일\ImGUI</Filter>
    </ClInclude>
    <ClInclude Include="ImGUI\imgui_impl_glfw.h">
      <Filter>헤더 파일\ImGUI</Filter>
    </ClInclude>
    <ClInclude Include="ImGUI\imgui_impl_opengl3.h">
      <Filter>헤더 파일\ImGUI</Filter>
    </ClInclude>
    <ClInclude Include="ImGUI\imgui_internal.h">
      <Filter>헤더 파일\ImGUI</Filter>
    </ClInclude>
    <ClInclude Include="ImGUI\imstb_rectpack.h">
      <Filter>헤더 파일\ImGUI</Filter>
    </ClInclude>
    <ClInclude Include="ImGUI\imstb_textedit.h">
      <Filter>헤더 파일\ImGUI</Filter>
    </ClInclude>
    <ClInclude Include="ImGUI\imstb_truetype.h">
      <Filter>헤더 파일\ImGUI</Filter>
    </ClInclude>
    <ClInclude Include="ImGUI\imgui_impl_opengl3_loader.h">
      <Filter>헤더 파일\ImGUI</Filter>
    </ClInclude>
    <ClInclude Include="3DObjects\BuiltInCylinderObj.h">
      <Filter>소스 파일\3DObjects</Filter>
    </ClInclude>
    <ClInclude Include="3DObjects\BuiltInCubeObj.h">
      <Filter>소스 파일\3DObjects</Filter>
    </ClInclude>
    <ClInclude Include="3DObjects\BuiltInSphereObj.h">
      <Filter>소스 파일\3DObjects</Filter>
    </ClInclude>
    <ClInclude Include="BackstageWindow.h">
      <Filter>소스 파일</Filter>
    </ClInclude>
    <ClInclude Include="BasicComponent.h">
      <Filter>소스 파일</Filter>
    </ClInclude>
    <ClInclude Include="Camera.h">
      <Filter>소스 파일</Filter>
    </ClInclude>
    <ClInclude Include="Grid.h">
      <Filter>소스 파일</Filter>
    </ClInclude>
    <ClInclude Include="Loader.h">
      <Filter>소스 파일</Filter>
    </ClInclude>
    <ClInclude Include="ModelView.h">
      <Filter>소스 파일</Filter>
    </ClInclude>
    <ClInclude Include="Hierarchy.h">
      <Filter>소스 파일</Filter>
    </ClInclude>
    <ClInclude Include="GUIInterface.h">
      <Filter>헤더 파일</Filter>
    </ClInclude>
    <ClInclude Include="Callback.h">
      <Filter>헤더 파일</Filter>
    </ClInclude>
    <ClInclude Include="3DObjects\Mesh.h">
      <Filter>소스 파일\3DObjects</Filter>
    </ClInclude>
    <ClInclude Include="3DObjects\LoadedModelObj.h">
      <Filter>소스 파일\3DObjects</Filter>
    </ClInclude>
    <ClInclude Include="3DObjects\interval.h">
      <Filter>소스 파일\3DObjects</Filter>
    </ClInclude>
    <ClInclude Include="3DObjects\stb_image.h">
      <Filter>소스 파일\3DObjects</Filter>
    </ClInclude>
    <ClInclude Include="3DObjects\meshoptimizer.h">
      <Filter>소스 파일\3DObjects</Filter>
    </ClInclude>
    <ClInclude Include="ImGUI\ImGuizmo.h">
      <Filter>헤더 파일\ImGUI</Filter>
    </ClInclude>
    <ClInclude Include="Lights\Light.h">
      <Filter>소스 파일\Lights</Filter>
    </ClInclude>
    <ClInclude Include="Component\Material.h">
      <Filter>소스 파일\Component</Filter>
    </ClInclude>
    <ClInclude Include="3DObjects\Skeleton.h">
      <Filter>소스 파일\3DObjects</Filter>
    </ClInclude>
  </ItemGroup>
  <ItemGroup>
    <None Include="Shader\black.frag">
      <Filter>소스 파일\Shader</Filter>
    </None>
    <None Include="Shader\black.vert">
      <Filter>소스 파일\Shader</Filter>
    </None>
    <None Include="Shader\Phong.frag">
      <Filter>소스 파일\Shader</Filter>
    </None>
    <None Include="Shader\Phong.vert">
      <Filter>소스 파일\Shader</Filter>
    </None>
    <None Include="Shader\Diffuse.frag">
      <Filter>소스 파일\Shader</Filter>
    </None>
    <None Include="Shader\Diffuse.vert">
      <Filter>소스 파일\Shader</Filter>
    </None>
    <None Include="Shader\picking.frag">
      <Filter>소스 파일\Shader</Filter>
    </None>
    <None Include="Shader\picking.vert">
      <Filter>소스 파일\Shader</Filter>
    </None>
    <None Include="Shader\Outline.frag">
      <Filter>소스 파일\Shader</Filter>
    </None>
    <None Include="Shader\modelTexture.vert">
      <Filter>소스 파일\Shader</Filter>
    </None>
    <None Include="Shader\modelTexture.frag">
      <Filter>소스 파일\Shader</Filter>
    </None>
    <None Include="Shader\shadowMap.frag">
      <Filter>소스 파일\Shader</Filter>
    </None>
    <None Include="Shader\shadowMap.vert">
      <Filter>소스 파일\Shader</Filter>
    </None>
    <None Include="Shader\shadow.frag">
      <Filter>소스 파일\Shader</Filter>
    </None>
    <None Include="Shader\shadow.vert">
      <Filter>소스 파일\Shader</Filter>
    </None>
    <None Include="Shader\shadowNT.frag">
      <Filter>소스 파일\Shader</Filter>
    </None>
    <None Include="Shader\shadowNT.vert">
      <Filter>소스 파일\Shader</Filter>
    </None>
    <None Include="Shader\animationModel.frag">
      <Filter>소스 파일\Shader</Filter>
    </None>
    <None Include="Shader\animationModel.vert">
      <Filter>소스 파일\Shader</Filter>
    </None>
    <None Include="Shader\RTshadowMap.vert">
      <Filter>소스 파일\Shader</Filter>
    </None>
    <None Include="Shader\RTshadowMap.frag">
      <Filter>소스 파일\Shader</Filter>
    </None>
  </ItemGroup>
</Project>